<?xml version="1.0" encoding="utf-8"?>
<Project ToolsVersion="4.0" xmlns="http://schemas.microsoft.com/developer/msbuild/2003">
  <ItemGroup>
    <Filter Include="Source Files">
      <UniqueIdentifier>{4FC737F1-C7A5-4376-A066-2A32D752A2FF}</UniqueIdentifier>
      <Extensions>cpp;c;cc;cxx;def;odl;idl;hpj;bat;asm;asmx</Extensions>
    </Filter>
    <Filter Include="Header Files">
      <UniqueIdentifier>{93995380-89BD-4b04-88EB-625FBE52EBFB}</UniqueIdentifier>
      <Extensions>h;hh;hpp;hxx;hm;inl;inc;ipp;xsd</Extensions>
    </Filter>
    <Filter Include="Resource Files">
      <UniqueIdentifier>{67DA6AB6-F800-4c08-8B7A-83BB121AAD01}</UniqueIdentifier>
      <Extensions>rc;ico;cur;bmp;dlg;rc2;rct;bin;rgs;gif;jpg;jpeg;jpe;resx;tiff;tif;png;wav;mfcribbon-ms</Extensions>
    </Filter>
    <Filter Include="Header Files\Sprite">
      <UniqueIdentifier>{5a921a22-d8d5-40ec-b6bd-c9d4d6b0b3a9}</UniqueIdentifier>
    </Filter>
    <Filter Include="Source Files\Sprite">
      <UniqueIdentifier>{21b96e3a-39f9-4e89-a6e7-c8908ea7551c}</UniqueIdentifier>
    </Filter>
    <Filter Include="Header Files\Render">
      <UniqueIdentifier>{69973f65-432a-4e3b-8816-b0240fd19e6c}</UniqueIdentifier>
    </Filter>
    <Filter Include="Header Files\Pickups">
      <UniqueIdentifier>{87ab6d14-02c4-4530-9683-b0e00faf96fd}</UniqueIdentifier>
    </Filter>
    <Filter Include="Header Files\Characters">
      <UniqueIdentifier>{ade46e03-88f5-4d67-8afb-55a47cde850c}</UniqueIdentifier>
    </Filter>
    <Filter Include="Header Files\Actors">
      <UniqueIdentifier>{53643457-b359-476b-8aab-edaa966e4cc3}</UniqueIdentifier>
    </Filter>
    <Filter Include="Header Files\Misc">
      <UniqueIdentifier>{e4a8e396-86ea-4b96-a58e-d2cb204c09d8}</UniqueIdentifier>
    </Filter>
    <Filter Include="Source Files\Render">
      <UniqueIdentifier>{e7127585-b0c6-413a-9922-0f1f40cefe6f}</UniqueIdentifier>
    </Filter>
    <Filter Include="Source Files\Characters">
      <UniqueIdentifier>{ab14ed32-fd4b-4cd6-a083-75b33f39a0f0}</UniqueIdentifier>
    </Filter>
    <Filter Include="Source Files\Pickups">
      <UniqueIdentifier>{3eb019a8-4176-44c5-8703-112e3eb58a6e}</UniqueIdentifier>
    </Filter>
    <Filter Include="Source Files\Misc">
      <UniqueIdentifier>{59887d44-4c4e-4869-a80a-b51cc5790e41}</UniqueIdentifier>
    </Filter>
    <Filter Include="Source Files\Actors">
      <UniqueIdentifier>{b16ea4f0-c6a0-4adc-8a81-73ef243ae853}</UniqueIdentifier>
    </Filter>
    <Filter Include="Header Files\Audio">
      <UniqueIdentifier>{4a77544d-97a0-41bc-b979-f64c693da9cf}</UniqueIdentifier>
    </Filter>
    <Filter Include="Source Files\Audio">
      <UniqueIdentifier>{241410ad-5ab6-4380-b9a4-715c640fef86}</UniqueIdentifier>
    </Filter>
  </ItemGroup>
  <ItemGroup>
    <ClCompile Include="Main.cpp">
      <Filter>Source Files</Filter>
    </ClCompile>
    <ClCompile Include="Mesh.cpp">
      <Filter>Source Files</Filter>
    </ClCompile>
    <ClCompile Include="RoomHandler.cpp">
      <Filter>Source Files</Filter>
    </ClCompile>
    <ClCompile Include="Entity.cpp">
      <Filter>Source Files</Filter>
    </ClCompile>
    <ClCompile Include="Movable.cpp">
      <Filter>Source Files</Filter>
    </ClCompile>
    <ClCompile Include="DXUtil.cpp">
      <Filter>Source Files\Sprite</Filter>
    </ClCompile>
    <ClCompile Include="GuiHandler.cpp">
      <Filter>Source Files\Sprite</Filter>
    </ClCompile>
    <ClCompile Include="GUISprite.cpp">
      <Filter>Source Files\Sprite</Filter>
    </ClCompile>
    <ClCompile Include="GUIText.cpp">
      <Filter>Source Files\Sprite</Filter>
    </ClCompile>
    <ClCompile Include="ActorHandler.cpp">
      <Filter>Source Files\Actors</Filter>
    </ClCompile>
    <ClCompile Include="Aura.cpp">
      <Filter>Source Files\Pickups</Filter>
    </ClCompile>
    <ClCompile Include="Camera.cpp">
      <Filter>Source Files\Render</Filter>
    </ClCompile>
    <ClCompile Include="Character.cpp">
      <Filter>Source Files\Actors</Filter>
    </ClCompile>
    <ClCompile Include="CubeMapObj.cpp">
      <Filter>Source Files\Render</Filter>
    </ClCompile>
    <ClCompile Include="D3D11Helper.cpp">
      <Filter>Source Files\Render</Filter>
    </ClCompile>
    <ClCompile Include="DamageBoost.cpp">
      <Filter>Source Files\Pickups</Filter>
    </ClCompile>
    <ClCompile Include="DamageBuff.cpp">
      <Filter>Source Files\Pickups</Filter>
    </ClCompile>
    <ClCompile Include="Door.cpp">
      <Filter>Source Files\Actors</Filter>
    </ClCompile>
    <ClCompile Include="Enemy.cpp">
      <Filter>Source Files\Characters</Filter>
    </ClCompile>
    <ClCompile Include="EnemyHandler.cpp">
      <Filter>Source Files\Actors</Filter>
    </ClCompile>
    <ClCompile Include="HealthBuff.cpp">
      <Filter>Source Files\Pickups</Filter>
    </ClCompile>
    <ClCompile Include="HealthPotion.cpp">
      <Filter>Source Files\Pickups</Filter>
    </ClCompile>
    <ClCompile Include="Input.cpp">
      <Filter>Source Files\Misc</Filter>
    </ClCompile>
    <ClCompile Include="LightHandler.cpp">
      <Filter>Source Files\Render</Filter>
    </ClCompile>
    <ClCompile Include="Necromancer.cpp">
      <Filter>Source Files\Characters</Filter>
    </ClCompile>
    <ClCompile Include="Pickup.cpp">
      <Filter>Source Files\Pickups</Filter>
    </ClCompile>
    <ClCompile Include="PickupHandler.cpp">
      <Filter>Source Files\Pickups</Filter>
    </ClCompile>
    <ClCompile Include="ParticleEmitter.cpp">
      <Filter>Source Files\Render</Filter>
    </ClCompile>
    <ClCompile Include="Pile.cpp">
      <Filter>Source Files\Characters</Filter>
    </ClCompile>
    <ClCompile Include="PipelineHelper.cpp">
      <Filter>Source Files\Render</Filter>
    </ClCompile>
    <ClCompile Include="Plate.cpp">
      <Filter>Source Files\Actors</Filter>
    </ClCompile>
    <ClCompile Include="Player.cpp">
      <Filter>Source Files\Characters</Filter>
    </ClCompile>
    <ClCompile Include="PointLight.cpp">
      <Filter>Source Files\Render</Filter>
    </ClCompile>
    <ClCompile Include="Projectile.cpp">
      <Filter>Source Files\Characters</Filter>
    </ClCompile>
    <ClCompile Include="projectileHandeler.cpp">
      <Filter>Source Files\Characters</Filter>
    </ClCompile>
    <ClCompile Include="Wraith.cpp">
      <Filter>Source Files\Characters</Filter>
    </ClCompile>
    <ClCompile Include="WindowHelper.cpp">
      <Filter>Source Files\Render</Filter>
    </ClCompile>
    <ClCompile Include="Time.cpp">
      <Filter>Source Files\Misc</Filter>
    </ClCompile>
    <ClCompile Include="Tombstone.cpp">
      <Filter>Source Files\Actors</Filter>
    </ClCompile>
    <ClCompile Include="Temporary.cpp">
      <Filter>Source Files\Pickups</Filter>
    </ClCompile>
    <ClCompile Include="Skull.cpp">
      <Filter>Source Files\Characters</Filter>
    </ClCompile>
    <ClCompile Include="Shield.cpp">
      <Filter>Source Files\Pickups</Filter>
    </ClCompile>
    <ClCompile Include="Puzzlebox.cpp">
      <Filter>Source Files\Actors</Filter>
    </ClCompile>
    <ClCompile Include="Audio.cpp">
      <Filter>Source Files\Audio</Filter>
    </ClCompile>
    <ClCompile Include="DXApp.cpp">
      <Filter>Source Files\Sprite</Filter>
    </ClCompile>
    <ClCompile Include="GameState.cpp">
      <Filter>Source Files\Sprite</Filter>
    </ClCompile>
    <ClCompile Include="Menu.cpp">
      <Filter>Source Files\Sprite</Filter>
    </ClCompile>
    <ClCompile Include="Records.cpp">
      <Filter>Source Files\Sprite</Filter>
    </ClCompile>
  </ItemGroup>
  <ItemGroup>
    <FxCompile Include="VertexShader.hlsl">
      <Filter>Resource Files</Filter>
    </FxCompile>
    <FxCompile Include="PixelShader.hlsl">
      <Filter>Resource Files</Filter>
    </FxCompile>
    <FxCompile Include="ComputeShader.hlsl">
      <Filter>Resource Files</Filter>
    </FxCompile>
    <FxCompile Include="CubeShader1.hlsl">
      <Filter>Resource Files</Filter>
    </FxCompile>
    <FxCompile Include="GeometryShader.hlsl">
      <Filter>Resource Files</Filter>
    </FxCompile>
    <FxCompile Include="ParticlePixelShader.hlsl">
      <Filter>Resource Files</Filter>
    </FxCompile>
    <FxCompile Include="ParticleVertexShader.hlsl">
      <Filter>Resource Files</Filter>
    </FxCompile>
    <FxCompile Include="particleUpdateShader.hlsl">
      <Filter>Resource Files</Filter>
    </FxCompile>
    <FxCompile Include="PTUpdateRisingPT.hlsl">
      <Filter>Resource Files</Filter>
    </FxCompile>
    <FxCompile Include="PT_PixelShader2.hlsl">
      <Filter>Resource Files</Filter>
    </FxCompile>
  </ItemGroup>
  <ItemGroup>
    <ClInclude Include="Mesh.h">
      <Filter>Header Files</Filter>
    </ClInclude>
    <ClInclude Include="RoomHandler.h">
      <Filter>Header Files</Filter>
    </ClInclude>
    <ClInclude Include="Entity.h">
      <Filter>Header Files</Filter>
    </ClInclude>
    <ClInclude Include="Movable.h">
      <Filter>Header Files</Filter>
    </ClInclude>
    <ClInclude Include="DXUtil.h">
      <Filter>Header Files\Sprite</Filter>
    </ClInclude>
    <ClInclude Include="GuiHandler.h">
      <Filter>Header Files\Sprite</Filter>
    </ClInclude>
    <ClInclude Include="GUIObject.h">
      <Filter>Header Files\Sprite</Filter>
    </ClInclude>
    <ClInclude Include="GUISprite.h">
      <Filter>Header Files\Sprite</Filter>
    </ClInclude>
    <ClInclude Include="GUIText.h">
      <Filter>Header Files\Sprite</Filter>
    </ClInclude>
    <ClInclude Include="PolyMorph.h">
      <Filter>Header Files</Filter>
    </ClInclude>
    <ClInclude Include="D3D11Helper.h">
      <Filter>Header Files\Render</Filter>
    </ClInclude>
    <ClInclude Include="Camera.h">
      <Filter>Header Files\Render</Filter>
    </ClInclude>
    <ClInclude Include="CubeMapObj.h">
      <Filter>Header Files\Render</Filter>
    </ClInclude>
    <ClInclude Include="LightHandler.h">
      <Filter>Header Files\Render</Filter>
    </ClInclude>
    <ClInclude Include="ParticleEmitter.h">
      <Filter>Header Files\Render</Filter>
    </ClInclude>
    <ClInclude Include="PipelineHelper.h">
      <Filter>Header Files\Render</Filter>
    </ClInclude>
    <ClInclude Include="PointLight.h">
      <Filter>Header Files\Render</Filter>
    </ClInclude>
    <ClInclude Include="WindowHelper.h">
      <Filter>Header Files\Render</Filter>
    </ClInclude>
    <ClInclude Include="Aura.h">
      <Filter>Header Files\Pickups</Filter>
    </ClInclude>
    <ClInclude Include="DamageBoost.h">
      <Filter>Header Files\Pickups</Filter>
    </ClInclude>
    <ClInclude Include="DamageBuff.h">
      <Filter>Header Files\Pickups</Filter>
    </ClInclude>
    <ClInclude Include="HealthBuff.h">
      <Filter>Header Files\Pickups</Filter>
    </ClInclude>
    <ClInclude Include="HealthPotion.h">
      <Filter>Header Files\Pickups</Filter>
    </ClInclude>
    <ClInclude Include="Pickup.h">
      <Filter>Header Files\Pickups</Filter>
    </ClInclude>
    <ClInclude Include="PickupHandler.h">
      <Filter>Header Files\Pickups</Filter>
    </ClInclude>
    <ClInclude Include="Shield.h">
      <Filter>Header Files\Pickups</Filter>
    </ClInclude>
    <ClInclude Include="Character.h">
      <Filter>Header Files\Characters</Filter>
    </ClInclude>
    <ClInclude Include="Enemy.h">
      <Filter>Header Files\Characters</Filter>
    </ClInclude>
    <ClInclude Include="EnemyHandler.h">
      <Filter>Header Files\Characters</Filter>
    </ClInclude>
    <ClInclude Include="Necromancer.h">
      <Filter>Header Files\Characters</Filter>
    </ClInclude>
    <ClInclude Include="Pile.h">
      <Filter>Header Files\Characters</Filter>
    </ClInclude>
    <ClInclude Include="Player.h">
      <Filter>Header Files\Characters</Filter>
    </ClInclude>
    <ClInclude Include="Wraith.h">
      <Filter>Header Files\Characters</Filter>
    </ClInclude>
    <ClInclude Include="Skull.h">
      <Filter>Header Files\Characters</Filter>
    </ClInclude>
    <ClInclude Include="Projectile.h">
      <Filter>Header Files\Characters</Filter>
    </ClInclude>
    <ClInclude Include="projectileHandeler.h">
      <Filter>Header Files\Characters</Filter>
    </ClInclude>
    <ClInclude Include="ActorHandler.h">
      <Filter>Header Files\Actors</Filter>
    </ClInclude>
    <ClInclude Include="Door.h">
      <Filter>Header Files\Actors</Filter>
    </ClInclude>
    <ClInclude Include="Plate.h">
      <Filter>Header Files\Actors</Filter>
    </ClInclude>
    <ClInclude Include="Puzzlebox.h">
      <Filter>Header Files\Actors</Filter>
    </ClInclude>
    <ClInclude Include="Temporary.h">
      <Filter>Header Files\Pickups</Filter>
    </ClInclude>
    <ClInclude Include="Tombstone.h">
      <Filter>Header Files\Actors</Filter>
    </ClInclude>
    <ClInclude Include="ID.h">
      <Filter>Header Files\Misc</Filter>
    </ClInclude>
    <ClInclude Include="stb_image.h">
      <Filter>Header Files\Misc</Filter>
    </ClInclude>
    <ClInclude Include="Time.h">
      <Filter>Header Files\Misc</Filter>
    </ClInclude>
    <ClInclude Include="Input.h">
      <Filter>Header Files\Misc</Filter>
    </ClInclude>
    <ClInclude Include="FileCounter.h">
      <Filter>Header Files\Misc</Filter>
    </ClInclude>
    <ClInclude Include="Audio.h">
      <Filter>Header Files\Audio</Filter>
    </ClInclude>
    <ClInclude Include="DXApp.h">
      <Filter>Header Files\Sprite</Filter>
    </ClInclude>
    <ClInclude Include="EnumState.h">
      <Filter>Header Files\Sprite</Filter>
    </ClInclude>
    <ClInclude Include="GameState.h">
      <Filter>Header Files\Sprite</Filter>
    </ClInclude>
    <ClInclude Include="Menu.h">
      <Filter>Header Files\Sprite</Filter>
    </ClInclude>
    <ClInclude Include="Records.h">
      <Filter>Header Files\Sprite</Filter>
    </ClInclude>
    <ClInclude Include="AnimationType.h">
      <Filter>Header Files\Misc</Filter>
    </ClInclude>
  </ItemGroup>
</Project>